// !$*UTF8*$!
{
	archiveVersion = 1;
	classes = {
	};
	objectVersion = 50;
	objects = {

/* Begin PBXBuildFile section */
		F077B92A22C1DBE100B55B03 /* AppDelegate.swift in Sources */ = {isa = PBXBuildFile; fileRef = F077B92922C1DBE100B55B03 /* AppDelegate.swift */; };
		F077B92C22C1DBE100B55B03 /* ViewController.swift in Sources */ = {isa = PBXBuildFile; fileRef = F077B92B22C1DBE100B55B03 /* ViewController.swift */; };
		F077B92F22C1DBE100B55B03 /* Main.storyboard in Resources */ = {isa = PBXBuildFile; fileRef = F077B92D22C1DBE100B55B03 /* Main.storyboard */; };
		F077B93122C1DBE500B55B03 /* Assets.xcassets in Resources */ = {isa = PBXBuildFile; fileRef = F077B93022C1DBE500B55B03 /* Assets.xcassets */; };
		F077B93422C1DBE500B55B03 /* LaunchScreen.storyboard in Resources */ = {isa = PBXBuildFile; fileRef = F077B93222C1DBE500B55B03 /* LaunchScreen.storyboard */; };
		F077B93C22C2794700B55B03 /* Article.swift in Sources */ = {isa = PBXBuildFile; fileRef = F077B93B22C2794700B55B03 /* Article.swift */; };
		F077B93E22C27B5B00B55B03 /* Articles.swift in Sources */ = {isa = PBXBuildFile; fileRef = F077B93D22C27B5B00B55B03 /* Articles.swift */; };
		F077B94422C2AC6C00B55B03 /* DetailViewController.swift in Sources */ = {isa = PBXBuildFile; fileRef = F077B94322C2AC6C00B55B03 /* DetailViewController.swift */; };
		F077B94C22C3EE6500B55B03 /* CodingChallengeTests.swift in Sources */ = {isa = PBXBuildFile; fileRef = F077B94B22C3EE6500B55B03 /* CodingChallengeTests.swift */; };
/* End PBXBuildFile section */

/* Begin PBXContainerItemProxy section */
		F077B94E22C3EE6500B55B03 /* PBXContainerItemProxy */ = {
			isa = PBXContainerItemProxy;
			containerPortal = F077B91E22C1DBE100B55B03 /* Project object */;
			proxyType = 1;
			remoteGlobalIDString = F077B92522C1DBE100B55B03;
			remoteInfo = CodingChallenge;
		};
/* End PBXContainerItemProxy section */

/* Begin PBXFileReference section */
		F077B92622C1DBE100B55B03 /* CodingChallenge.app */ = {isa = PBXFileReference; explicitFileType = wrapper.application; includeInIndex = 0; path = CodingChallenge.app; sourceTree = BUILT_PRODUCTS_DIR; };
		F077B92922C1DBE100B55B03 /* AppDelegate.swift */ = {isa = PBXFileReference; lastKnownFileType = sourcecode.swift; path = AppDelegate.swift; sourceTree = "<group>"; };
		F077B92B22C1DBE100B55B03 /* ViewController.swift */ = {isa = PBXFileReference; lastKnownFileType = sourcecode.swift; path = ViewController.swift; sourceTree = "<group>"; };
		F077B92E22C1DBE100B55B03 /* Base */ = {isa = PBXFileReference; lastKnownFileType = file.storyboard; name = Base; path = Base.lproj/Main.storyboard; sourceTree = "<group>"; };
		F077B93022C1DBE500B55B03 /* Assets.xcassets */ = {isa = PBXFileReference; lastKnownFileType = folder.assetcatalog; path = Assets.xcassets; sourceTree = "<group>"; };
		F077B93322C1DBE500B55B03 /* Base */ = {isa = PBXFileReference; lastKnownFileType = file.storyboard; name = Base; path = Base.lproj/LaunchScreen.storyboard; sourceTree = "<group>"; };
		F077B93522C1DBE500B55B03 /* Info.plist */ = {isa = PBXFileReference; lastKnownFileType = text.plist.xml; path = Info.plist; sourceTree = "<group>"; };
		F077B93B22C2794700B55B03 /* Article.swift */ = {isa = PBXFileReference; lastKnownFileType = sourcecode.swift; path = Article.swift; sourceTree = "<group>"; };
		F077B93D22C27B5B00B55B03 /* Articles.swift */ = {isa = PBXFileReference; lastKnownFileType = sourcecode.swift; path = Articles.swift; sourceTree = "<group>"; };
		F077B94322C2AC6C00B55B03 /* DetailViewController.swift */ = {isa = PBXFileReference; lastKnownFileType = sourcecode.swift; path = DetailViewController.swift; sourceTree = "<group>"; };
		F077B94922C3EE6500B55B03 /* CodingChallengeTests.xctest */ = {isa = PBXFileReference; explicitFileType = wrapper.cfbundle; includeInIndex = 0; path = CodingChallengeTests.xctest; sourceTree = BUILT_PRODUCTS_DIR; };
		F077B94B22C3EE6500B55B03 /* CodingChallengeTests.swift */ = {isa = PBXFileReference; lastKnownFileType = sourcecode.swift; path = CodingChallengeTests.swift; sourceTree = "<group>"; };
		F077B94D22C3EE6500B55B03 /* Info.plist */ = {isa = PBXFileReference; lastKnownFileType = text.plist.xml; path = Info.plist; sourceTree = "<group>"; };
/* End PBXFileReference section */

/* Begin PBXFrameworksBuildPhase section */
		F077B92322C1DBE100B55B03 /* Frameworks */ = {
			isa = PBXFrameworksBuildPhase;
			buildActionMask = 2147483647;
			files = (
			);
			runOnlyForDeploymentPostprocessing = 0;
		};
		F077B94622C3EE6500B55B03 /* Frameworks */ = {
			isa = PBXFrameworksBuildPhase;
			buildActionMask = 2147483647;
			files = (
			);
			runOnlyForDeploymentPostprocessing = 0;
		};
/* End PBXFrameworksBuildPhase section */

/* Begin PBXGroup section */
		F077B91D22C1DBE100B55B03 = {
			isa = PBXGroup;
			children = (
				F077B95622C3F8F700B55B03 /* CodingChallengeUITests */,
				F077B92822C1DBE100B55B03 /* CodingChallenge */,
				F077B94A22C3EE6500B55B03 /* CodingChallengeTests */,
				F077B92722C1DBE100B55B03 /* Products */,
			);
			sourceTree = "<group>";
		};
		F077B92722C1DBE100B55B03 /* Products */ = {
			isa = PBXGroup;
			children = (
				F077B92622C1DBE100B55B03 /* CodingChallenge.app */,
				F077B94922C3EE6500B55B03 /* CodingChallengeTests.xctest */,
			);
			name = Products;
			sourceTree = "<group>";
		};
		F077B92822C1DBE100B55B03 /* CodingChallenge */ = {
			isa = PBXGroup;
			children = (
				F077B92922C1DBE100B55B03 /* AppDelegate.swift */,
				F077B92B22C1DBE100B55B03 /* ViewController.swift */,
				F077B94322C2AC6C00B55B03 /* DetailViewController.swift */,
				F077B93D22C27B5B00B55B03 /* Articles.swift */,
				F077B93B22C2794700B55B03 /* Article.swift */,
				F077B92D22C1DBE100B55B03 /* Main.storyboard */,
				F077B93022C1DBE500B55B03 /* Assets.xcassets */,
				F077B93222C1DBE500B55B03 /* LaunchScreen.storyboard */,
				F077B93522C1DBE500B55B03 /* Info.plist */,
			);
			path = CodingChallenge;
			sourceTree = "<group>";
		};
		F077B94A22C3EE6500B55B03 /* CodingChallengeTests */ = {
			isa = PBXGroup;
			children = (
				F077B94B22C3EE6500B55B03 /* CodingChallengeTests.swift */,
				F077B94D22C3EE6500B55B03 /* Info.plist */,
			);
			path = CodingChallengeTests;
			sourceTree = "<group>";
		};
		F077B95622C3F8F700B55B03 /* CodingChallengeUITests */ = {
			isa = PBXGroup;
			children = (
			);
			path = CodingChallengeUITests;
			sourceTree = "<group>";
		};
/* End PBXGroup section */

/* Begin PBXNativeTarget section */
		F077B92522C1DBE100B55B03 /* CodingChallenge */ = {
			isa = PBXNativeTarget;
			buildConfigurationList = F077B93822C1DBE500B55B03 /* Build configuration list for PBXNativeTarget "CodingChallenge" */;
			buildPhases = (
				F077B92222C1DBE100B55B03 /* Sources */,
				F077B92322C1DBE100B55B03 /* Frameworks */,
				F077B92422C1DBE100B55B03 /* Resources */,
			);
			buildRules = (
			);
			dependencies = (
			);
			name = CodingChallenge;
			productName = CodingChallenge;
			productReference = F077B92622C1DBE100B55B03 /* CodingChallenge.app */;
			productType = "com.apple.product-type.application";
		};
		F077B94822C3EE6500B55B03 /* CodingChallengeTests */ = {
			isa = PBXNativeTarget;
			buildConfigurationList = F077B95222C3EE6500B55B03 /* Build configuration list for PBXNativeTarget "CodingChallengeTests" */;
			buildPhases = (
				F077B94522C3EE6500B55B03 /* Sources */,
				F077B94622C3EE6500B55B03 /* Frameworks */,
				F077B94722C3EE6500B55B03 /* Resources */,
			);
			buildRules = (
			);
			dependencies = (
				F077B94F22C3EE6500B55B03 /* PBXTargetDependency */,
			);
			name = CodingChallengeTests;
			productName = CodingChallengeTests;
			productReference = F077B94922C3EE6500B55B03 /* CodingChallengeTests.xctest */;
			productType = "com.apple.product-type.bundle.unit-test";
		};
/* End PBXNativeTarget section */

/* Begin PBXProject section */
		F077B91E22C1DBE100B55B03 /* Project object */ = {
			isa = PBXProject;
			attributes = {
				LastSwiftUpdateCheck = 1020;
				LastUpgradeCheck = 1020;
				ORGANIZATIONNAME = margaret;
				TargetAttributes = {
					F077B92522C1DBE100B55B03 = {
						CreatedOnToolsVersion = 10.2.1;
					};
					F077B94822C3EE6500B55B03 = {
						CreatedOnToolsVersion = 10.2.1;
						TestTargetID = F077B92522C1DBE100B55B03;
					};
				};
			};
			buildConfigurationList = F077B92122C1DBE100B55B03 /* Build configuration list for PBXProject "CodingChallenge" */;
			compatibilityVersion = "Xcode 9.3";
			developmentRegion = en;
			hasScannedForEncodings = 0;
			knownRegions = (
				en,
				Base,
			);
			mainGroup = F077B91D22C1DBE100B55B03;
			productRefGroup = F077B92722C1DBE100B55B03 /* Products */;
			projectDirPath = "";
			projectRoot = "";
			targets = (
				F077B92522C1DBE100B55B03 /* CodingChallenge */,
				F077B94822C3EE6500B55B03 /* CodingChallengeTests */,
			);
		};
/* End PBXProject section */

/* Begin PBXResourcesBuildPhase section */
		F077B92422C1DBE100B55B03 /* Resources */ = {
			isa = PBXResourcesBuildPhase;
			buildActionMask = 2147483647;
			files = (
				F077B93422C1DBE500B55B03 /* LaunchScreen.storyboard in Resources */,
				F077B93122C1DBE500B55B03 /* Assets.xcassets in Resources */,
				F077B92F22C1DBE100B55B03 /* Main.storyboard in Resources */,
			);
			runOnlyForDeploymentPostprocessing = 0;
		};
		F077B94722C3EE6500B55B03 /* Resources */ = {
			isa = PBXResourcesBuildPhase;
			buildActionMask = 2147483647;
			files = (
			);
			runOnlyForDeploymentPostprocessing = 0;
		};
/* End PBXResourcesBuildPhase section */

/* Begin PBXSourcesBuildPhase section */
		F077B92222C1DBE100B55B03 /* Sources */ = {
			isa = PBXSourcesBuildPhase;
			buildActionMask = 2147483647;
			files = (
				F077B93E22C27B5B00B55B03 /* Articles.swift in Sources */,
				F077B92C22C1DBE100B55B03 /* ViewController.swift in Sources */,
				F077B94422C2AC6C00B55B03 /* DetailViewController.swift in Sources */,
				F077B92A22C1DBE100B55B03 /* AppDelegate.swift in Sources */,
				F077B93C22C2794700B55B03 /* Article.swift in Sources */,
			);
			runOnlyForDeploymentPostprocessing = 0;
		};
		F077B94522C3EE6500B55B03 /* Sources */ = {
			isa = PBXSourcesBuildPhase;
			buildActionMask = 2147483647;
			files = (
				F077B94C22C3EE6500B55B03 /* CodingChallengeTests.swift in Sources */,
			);
			runOnlyForDeploymentPostprocessing = 0;
		};
/* End PBXSourcesBuildPhase section */

/* Begin PBXTargetDependency section */
		F077B94F22C3EE6500B55B03 /* PBXTargetDependency */ = {
			isa = PBXTargetDependency;
			target = F077B92522C1DBE100B55B03 /* CodingChallenge */;
			targetProxy = F077B94E22C3EE6500B55B03 /* PBXContainerItemProxy */;
		};
/* End PBXTargetDependency section */

/* Begin PBXVariantGroup section */
		F077B92D22C1DBE100B55B03 /* Main.storyboard */ = {
			isa = PBXVariantGroup;
			children = (
				F077B92E22C1DBE100B55B03 /* Base */,
			);
			name = Main.storyboard;
			sourceTree = "<group>";
		};
		F077B93222C1DBE500B55B03 /* LaunchScreen.storyboard */ = {
			isa = PBXVariantGroup;
			children = (
				F077B93322C1DBE500B55B03 /* Base */,
			);
			name = LaunchScreen.storyboard;
			sourceTree = "<group>";
		};
/* End PBXVariantGroup section */

/* Begin XCBuildConfiguration section */
		F077B93622C1DBE500B55B03 /* Debug */ = {
			isa = XCBuildConfiguration;
			buildSettings = {
				ALWAYS_SEARCH_USER_PATHS = NO;
				CLANG_ANALYZER_NONNULL = YES;
				CLANG_ANALYZER_NUMBER_OBJECT_CONVERSION = YES_AGGRESSIVE;
				CLANG_CXX_LANGUAGE_STANDARD = "gnu++14";
				CLANG_CXX_LIBRARY = "libc++";
				CLANG_ENABLE_MODULES = YES;
				CLANG_ENABLE_OBJC_ARC = YES;
				CLANG_ENABLE_OBJC_WEAK = YES;
				CLANG_WARN_BLOCK_CAPTURE_AUTORELEASING = YES;
				CLANG_WARN_BOOL_CONVERSION = YES;
				CLANG_WARN_COMMA = YES;
				CLANG_WARN_CONSTANT_CONVERSION = YES;
				CLANG_WARN_DEPRECATED_OBJC_IMPLEMENTATIONS = YES;
				CLANG_WARN_DIRECT_OBJC_ISA_USAGE = YES_ERROR;
				CLANG_WARN_DOCUMENTATION_COMMENTS = YES;
				CLANG_WARN_EMPTY_BODY = YES;
				CLANG_WARN_ENUM_CONVERSION = YES;
				CLANG_WARN_INFINITE_RECURSION = YES;
				CLANG_WARN_INT_CONVERSION = YES;
				CLANG_WARN_NON_LITERAL_NULL_CONVERSION = YES;
				CLANG_WARN_OBJC_IMPLICIT_RETAIN_SELF = YES;
				CLANG_WARN_OBJC_LITERAL_CONVERSION = YES;
				CLANG_WARN_OBJC_ROOT_CLASS = YES_ERROR;
				CLANG_WARN_RANGE_LOOP_ANALYSIS = YES;
				CLANG_WARN_STRICT_PROTOTYPES = YES;
				CLANG_WARN_SUSPICIOUS_MOVE = YES;
				CLANG_WARN_UNGUARDED_AVAILABILITY = YES_AGGRESSIVE;
				CLANG_WARN_UNREACHABLE_CODE = YES;
				CLANG_WARN__DUPLICATE_METHOD_MATCH = YES;
				CODE_SIGN_IDENTITY = "iPhone Developer";
				COPY_PHASE_STRIP = NO;
				DEBUG_INFORMATION_FORMAT = dwarf;
				ENABLE_STRICT_OBJC_MSGSEND = YES;
				ENABLE_TESTABILITY = YES;
				GCC_C_LANGUAGE_STANDARD = gnu11;
				GCC_DYNAMIC_NO_PIC = NO;
				GCC_NO_COMMON_BLOCKS = YES;
				GCC_OPTIMIZATION_LEVEL = 0;
				GCC_PREPROCESSOR_DEFINITIONS = (
					"DEBUG=1",
					"$(inherited)",
				);
				GCC_WARN_64_TO_32_BIT_CONVERSION = YES;
				GCC_WARN_ABOUT_RETURN_TYPE = YES_ERROR;
				GCC_WARN_UNDECLARED_SELECTOR = YES;
				GCC_WARN_UNINITIALIZED_AUTOS = YES_AGGRESSIVE;
				GCC_WARN_UNUSED_FUNCTION = YES;
				GCC_WARN_UNUSED_VARIABLE = YES;
				IPHONEOS_DEPLOYMENT_TARGET = 12.2;
				MTL_ENABLE_DEBUG_INFO = INCLUDE_SOURCE;
				MTL_FAST_MATH = YES;
				ONLY_ACTIVE_ARCH = YES;
				SDKROOT = iphoneos;
				SWIFT_ACTIVE_COMPILATION_CONDITIONS = DEBUG;
				SWIFT_OPTIMIZATION_LEVEL = "-Onone";
			};
			name = Debug;
		};
		F077B93722C1DBE500B55B03 /* Release */ = {
			isa = XCBuildConfiguration;
			buildSettings = {
				ALWAYS_SEARCH_USER_PATHS = NO;
				CLANG_ANALYZER_NONNULL = YES;
				CLANG_ANALYZER_NUMBER_OBJECT_CONVERSION = YES_AGGRESSIVE;
				CLANG_CXX_LANGUAGE_STANDARD = "gnu++14";
				CLANG_CXX_LIBRARY = "libc++";
				CLANG_ENABLE_MODULES = YES;
				CLANG_ENABLE_OBJC_ARC = YES;
				CLANG_ENABLE_OBJC_WEAK = YES;
				CLANG_WARN_BLOCK_CAPTURE_AUTORELEASING = YES;
				CLANG_WARN_BOOL_CONVERSION = YES;
				CLANG_WARN_COMMA = YES;
				CLANG_WARN_CONSTANT_CONVERSION = YES;
				CLANG_WARN_DEPRECATED_OBJC_IMPLEMENTATIONS = YES;
				CLANG_WARN_DIRECT_OBJC_ISA_USAGE = YES_ERROR;
				CLANG_WARN_DOCUMENTATION_COMMENTS = YES;
				CLANG_WARN_EMPTY_BODY = YES;
				CLANG_WARN_ENUM_CONVERSION = YES;
				CLANG_WARN_INFINITE_RECURSION = YES;
				CLANG_WARN_INT_CONVERSION = YES;
				CLANG_WARN_NON_LITERAL_NULL_CONVERSION = YES;
				CLANG_WARN_OBJC_IMPLICIT_RETAIN_SELF = YES;
				CLANG_WARN_OBJC_LITERAL_CONVERSION = YES;
				CLANG_WARN_OBJC_ROOT_CLASS = YES_ERROR;
				CLANG_WARN_RANGE_LOOP_ANALYSIS = YES;
				CLANG_WARN_STRICT_PROTOTYPES = YES;
				CLANG_WARN_SUSPICIOUS_MOVE = YES;
				CLANG_WARN_UNGUARDED_AVAILABILITY = YES_AGGRESSIVE;
				CLANG_WARN_UNREACHABLE_CODE = YES;
				CLANG_WARN__DUPLICATE_METHOD_MATCH = YES;
				CODE_SIGN_IDENTITY = "iPhone Developer";
				COPY_PHASE_STRIP = NO;
				DEBUG_INFORMATION_FORMAT = "dwarf-with-dsym";
				ENABLE_NS_ASSERTIONS = NO;
				ENABLE_STRICT_OBJC_MSGSEND = YES;
				GCC_C_LANGUAGE_STANDARD = gnu11;
				GCC_NO_COMMON_BLOCKS = YES;
				GCC_WARN_64_TO_32_BIT_CONVERSION = YES;
				GCC_WARN_ABOUT_RETURN_TYPE = YES_ERROR;
				GCC_WARN_UNDECLARED_SELECTOR = YES;
				GCC_WARN_UNINITIALIZED_AUTOS = YES_AGGRESSIVE;
				GCC_WARN_UNUSED_FUNCTION = YES;
				GCC_WARN_UNUSED_VARIABLE = YES;
				IPHONEOS_DEPLOYMENT_TARGET = 12.2;
				MTL_ENABLE_DEBUG_INFO = NO;
				MTL_FAST_MATH = YES;
				SDKROOT = iphoneos;
				SWIFT_COMPILATION_MODE = wholemodule;
				SWIFT_OPTIMIZATION_LEVEL = "-O";
				VALIDATE_PRODUCT = YES;
			};
			name = Release;
		};
		F077B93922C1DBE500B55B03 /* Debug */ = {
			isa = XCBuildConfiguration;
			buildSettings = {
				ASSETCATALOG_COMPILER_APPICON_NAME = AppIcon;
				CODE_SIGN_STYLE = Automatic;
				DEVELOPMENT_TEAM = XUVQQVQ46Q;
				INFOPLIST_FILE = CodingChallenge/Info.plist;
				LD_RUNPATH_SEARCH_PATHS = (
					"$(inherited)",
					"@executable_path/Frameworks",
				);
				PRODUCT_BUNDLE_IDENTIFIER = com.example.CodingChallenge;
				PRODUCT_NAME = "$(TARGET_NAME)";
				SWIFT_VERSION = 5.0;
				TARGETED_DEVICE_FAMILY = 1;
			};
			name = Debug;
		};
		F077B93A22C1DBE500B55B03 /* Release */ = {
			isa = XCBuildConfiguration;
			buildSettings = {
				ASSETCATALOG_COMPILER_APPICON_NAME = AppIcon;
				CODE_SIGN_STYLE = Automatic;
				DEVELOPMENT_TEAM = XUVQQVQ46Q;
				INFOPLIST_FILE = CodingChallenge/Info.plist;
				LD_RUNPATH_SEARCH_PATHS = (
					"$(inherited)",
					"@executable_path/Frameworks",
				);
				PRODUCT_BUNDLE_IDENTIFIER = com.example.CodingChallenge;
				PRODUCT_NAME = "$(TARGET_NAME)";
				SWIFT_VERSION = 5.0;
				TARGETED_DEVICE_FAMILY = 1;
			};
			name = Release;
		};
		F077B95022C3EE6500B55B03 /* Debug */ = {
			isa = XCBuildConfiguration;
			buildSettings = {
				BUNDLE_LOADER = "$(TEST_HOST)";
				CODE_SIGN_STYLE = Automatic;
				INFOPLIST_FILE = CodingChallengeTests/Info.plist;
				LD_RUNPATH_SEARCH_PATHS = (
					"$(inherited)",
					"@executable_path/Frameworks",
					"@loader_path/Frameworks",
				);
				PRODUCT_BUNDLE_IDENTIFIER = com.example.CodingChallengeTests;
				PRODUCT_NAME = "$(TARGET_NAME)";
				SWIFT_VERSION = 5.0;
				TARGETED_DEVICE_FAMILY = "1,2";
				TEST_HOST = "$(BUILT_PRODUCTS_DIR)/CodingChallenge.app/CodingChallenge";
			};
			name = Debug;
		};
		F077B95122C3EE6500B55B03 /* Release */ = {
			isa = XCBuildConfiguration;
			buildSettings = {
				BUNDLE_LOADER = "$(TEST_HOST)";
				CODE_SIGN_STYLE = Automatic;
				INFOPLIST_FILE = CodingChallengeTests/Info.plist;
				LD_RUNPATH_SEARCH_PATHS = (
					"$(inherited)",
					"@executable_path/Frameworks",
					"@loader_path/Frameworks",
				);
				PRODUCT_BUNDLE_IDENTIFIER = com.example.CodingChallengeTests;
				PRODUCT_NAME = "$(TARGET_NAME)";
				SWIFT_VERSION = 5.0;
				TARGETED_DEVICE_FAMILY = "1,2";
				TEST_HOST = "$(BUILT_PRODUCTS_DIR)/CodingChallenge.app/CodingChallenge";
			};
			name = Release;
		};
/* End XCBuildConfiguration section */

/* Begin XCConfigurationList section */
		F077B92122C1DBE100B55B03 /* Build configuration list for PBXProject "CodingChallenge" */ = {
			isa = XCConfigurationList;
			buildConfigurations = (
				F077B93622C1DBE500B55B03 /* Debug */,
				F077B93722C1DBE500B55B03 /* Release */,
			);
			defaultConfigurationIsVisible = 0;
			defaultConfigurationName = Release;
		};
		F077B93822C1DBE500B55B03 /* Build configuration list for PBXNativeTarget "CodingChallenge" */ = {
			isa = XCConfigurationList;
			buildConfigurations = (
				F077B93922C1DBE500B55B03 /* Debug */,
				F077B93A22C1DBE500B55B03 /* Release */,
			);
			defaultConfigurationIsVisible = 0;
			defaultConfigurationName = Release;
		};
		F077B95222C3EE6500B55B03 /* Build configuration list for PBXNativeTarget "CodingChallengeTests" */ = {
			isa = XCConfigurationList;
			buildConfigurations = (
				F077B95022C3EE6500B55B03 /* Debug */,
				F077B95122C3EE6500B55B03 /* Release */,
			);
			defaultConfigurationIsVisible = 0;
			defaultConfigurationName = Release;
		};
/* End XCConfigurationList section */
	};
	rootObject = F077B91E22C1DBE100B55B03 /* Project object */;
}
